
Microsoft Visual Studio Solution File, Format Version 12.00
# Visual Studio Version 17
VisualStudioVersion = 17.14.36518.9 d17.14
MinimumVisualStudioVersion = 10.0.40219.1
Project("{FAE04EC0-301F-11D3-BF4B-00C04F79EFBC}") = "IT3047CGroupProject", "IT3047CGroupProject\IT3047CGroupProject.csproj", "{02C3931A-3693-4900-8C2F-E0F29CED7901}"
EndProject
Global
	GlobalSection(SolutionConfigurationPlatforms) = preSolution
		Debug|Any CPU = Debug|Any CPU
		Release|Any CPU = Release|Any CPU
	EndGlobalSection
	GlobalSection(ProjectConfigurationPlatforms) = postSolution
		{02C3931A-3693-4900-8C2F-E0F29CED7901}.Debug|Any CPU.ActiveCfg = Debug|Any CPU
		{02C3931A-3693-4900-8C2F-E0F29CED7901}.Debug|Any CPU.Build.0 = Debug|Any CPU
		{02C3931A-3693-4900-8C2F-E0F29CED7901}.Release|Any CPU.ActiveCfg = Release|Any CPU
		{02C3931A-3693-4900-8C2F-E0F29CED7901}.Release|Any CPU.Build.0 = Release|Any CPU
	EndGlobalSection
	GlobalSection(SolutionProperties) = preSolution
		HideSolutionNode = FALSE
	EndGlobalSection
	GlobalSection(ExtensibilityGlobals) = postSolution
		SolutionGuid = {6A667C6B-16F5-4CDC-BFF1-DB683A6960EA}
	EndGlobalSection
EndGlobal
